
Microsoft Visual Studio Solution File, Format Version 12.00
# Visual Studio Version 17
VisualStudioVersion = 17.14.36518.9 d17.14
MinimumVisualStudioVersion = 10.0.40219.1
Project("{FAE04EC0-301F-11D3-BF4B-00C04F79EFBC}") = "yt_dlp", "yt_dlp.csproj", "{3C4A6483-6E61-4E99-AD77-165D2C82D461}"
EndProject
Global
	GlobalSection(SolutionConfigurationPlatforms) = preSolution
		Debug|Any CPU = Debug|Any CPU
		Release|Any CPU = Release|Any CPU
	EndGlobalSection
	GlobalSection(ProjectConfigurationPlatforms) = postSolution
		{3C4A6483-6E61-4E99-AD77-165D2C82D461}.Debug|Any CPU.ActiveCfg = Debug|Any CPU
		{3C4A6483-6E61-4E99-AD77-165D2C82D461}.Debug|Any CPU.Build.0 = Debug|Any CPU
		{3C4A6483-6E61-4E99-AD77-165D2C82D461}.Release|Any CPU.ActiveCfg = Release|Any CPU
		{3C4A6483-6E61-4E99-AD77-165D2C82D461}.Release|Any CPU.Build.0 = Release|Any CPU
	EndGlobalSection
	GlobalSection(SolutionProperties) = preSolution
		HideSolutionNode = FALSE
	EndGlobalSection
	GlobalSection(ExtensibilityGlobals) = postSolution
		SolutionGuid = {BDF0B566-F344-41E9-B481-948E612788F1}
	EndGlobalSection
EndGlobal
